
Microsoft Visual Studio Solution File, Format Version 12.00
# Visual Studio Version 17
VisualStudioVersion = 17.13.35931.197
MinimumVisualStudioVersion = 10.0.40219.1
Project("{FAE04EC0-301F-11D3-BF4B-00C04F79EFBC}") = "StockControl.API", "StockControl.API\StockControl.API.csproj", "{9712484B-53BC-FD88-86E4-964D7D42C843}"
EndProject
Project("{FAE04EC0-301F-11D3-BF4B-00C04F79EFBC}") = "StockControl.API.UnitTests", "StockControl.API.Tests\StockControl.API.UnitTests.csproj", "{2979B402-7C13-36F2-C17E-714A5D3E60F0}"
EndProject
Global
	GlobalSection(SolutionConfigurationPlatforms) = preSolution
		Debug|Any CPU = Debug|Any CPU
		Release|Any CPU = Release|Any CPU
	EndGlobalSection
	GlobalSection(ProjectConfigurationPlatforms) = postSolution
		{9712484B-53BC-FD88-86E4-964D7D42C843}.Debug|Any CPU.ActiveCfg = Debug|Any CPU
		{9712484B-53BC-FD88-86E4-964D7D42C843}.Debug|Any CPU.Build.0 = Debug|Any CPU
		{9712484B-53BC-FD88-86E4-964D7D42C843}.Release|Any CPU.ActiveCfg = Release|Any CPU
		{9712484B-53BC-FD88-86E4-964D7D42C843}.Release|Any CPU.Build.0 = Release|Any CPU
		{2979B402-7C13-36F2-C17E-714A5D3E60F0}.Debug|Any CPU.ActiveCfg = Debug|Any CPU
		{2979B402-7C13-36F2-C17E-714A5D3E60F0}.Debug|Any CPU.Build.0 = Debug|Any CPU
		{2979B402-7C13-36F2-C17E-714A5D3E60F0}.Release|Any CPU.ActiveCfg = Release|Any CPU
		{2979B402-7C13-36F2-C17E-714A5D3E60F0}.Release|Any CPU.Build.0 = Release|Any CPU
	EndGlobalSection
	GlobalSection(SolutionProperties) = preSolution
		HideSolutionNode = FALSE
	EndGlobalSection
	GlobalSection(ExtensibilityGlobals) = postSolution
		SolutionGuid = {343331A5-6DD4-4302-9981-5CC4C234773E}
	EndGlobalSection
EndGlobal
