
Microsoft Visual Studio Solution File, Format Version 12.00
# Visual Studio Version 17
VisualStudioVersion = 17.13.35931.197
MinimumVisualStudioVersion = 10.0.40219.1
Project("{FAE04EC0-301F-11D3-BF4B-00C04F79EFBC}") = "StockControl.API", "StockControl.API\StockControl.API.csproj", "{9712484B-53BC-FD88-86E4-964D7D42C843}"
EndProject
Project("{FAE04EC0-301F-11D3-BF4B-00C04F79EFBC}") = "StockControl.DataAccess.EntityFramework", "StockControl.DataAccess.EntityFramework\StockControl.DataAccess.EntityFramework.csproj", "{78EFFB11-FD43-4D06-B115-22D0FEC3C399}"
EndProject
Project("{FAE04EC0-301F-11D3-BF4B-00C04F79EFBC}") = "StockControl.Business.Interfaces", "StockControl.Business.Interfaces\StockControl.Business.Interfaces.csproj", "{0C1584AD-F3FA-541C-9D2C-37D8399006C2}"
EndProject
Project("{FAE04EC0-301F-11D3-BF4B-00C04F79EFBC}") = "StockControl.Application.Interfaces", "StockControl.Application.Interfaces\StockControl.Application.Interfaces.csproj", "{23841136-485A-0E3B-8DF5-5DC33CD0051A}"
EndProject
Project("{FAE04EC0-301F-11D3-BF4B-00C04F79EFBC}") = "StockControl.Application.Core", "StockControl.Application.Core\StockControl.Application.Core.csproj", "{241D75D0-1E96-41E2-B8DA-D4FFF37A8FB8}"
EndProject
Project("{FAE04EC0-301F-11D3-BF4B-00C04F79EFBC}") = "StockControl.Business.Core", "StockControl.Business.Core\StockControl.Business.Core.csproj", "{EBF3E2AB-0525-45A1-82DF-AB8022756322}"
EndProject
Project("{FAE04EC0-301F-11D3-BF4B-00C04F79EFBC}") = "StockControl.DataAccess.Interfaces", "StockControl.DataAccess.Interfaces\StockControl.DataAccess.Interfaces.csproj", "{274B9E48-636D-2608-B6FF-4CD21BB8478E}"
EndProject
Project("{FAE04EC0-301F-11D3-BF4B-00C04F79EFBC}") = "StockControl.Domain", "StockControl.Domain\StockControl.Domain.csproj", "{228CEE92-217E-4B98-87D6-86B71391F39D}"
EndProject
Project("{FAE04EC0-301F-11D3-BF4B-00C04F79EFBC}") = "StockControl.API.UnitTests", "StockControl.API.UnitTests\StockControl.API.UnitTests.csproj", "{C5086D4A-10F5-7B6A-DF41-A450F200B88F}"
EndProject
Project("{FAE04EC0-301F-11D3-BF4B-00C04F79EFBC}") = "StockControl.API.IntegrationTests", "StockControl.API.IntegrationTests\StockControl.API.IntegrationTests.csproj", "{DFF188C4-41D1-40CE-91C9-627E382A04C6}"
EndProject
Project("{FAE04EC0-301F-11D3-BF4B-00C04F79EFBC}") = "StockControl.Logging.Interfaces", "StockControl.Logging.Interfaces\StockControl.Logging.Interfaces.csproj", "{2F3C2343-D2D2-4ADE-988B-B083217FB8D3}"
EndProject
Project("{FAE04EC0-301F-11D3-BF4B-00C04F79EFBC}") = "StockControl.Logging.log4net", "StockControl.Logging.log4net\StockControl.Logging.log4net.csproj", "{6B8837B8-DB3D-4E94-A283-5E198AD36051}"
EndProject
Project("{FAE04EC0-301F-11D3-BF4B-00C04F79EFBC}") = "StockControl.Logging.SCSerilog", "StockControl.Logging.SCSerilog\StockControl.Logging.SCSerilog.csproj", "{26AC2169-239E-4761-910A-7FF9308B21F7}"
EndProject
Global
	GlobalSection(SolutionConfigurationPlatforms) = preSolution
		Debug|Any CPU = Debug|Any CPU
		Release|Any CPU = Release|Any CPU
	EndGlobalSection
	GlobalSection(ProjectConfigurationPlatforms) = postSolution
		{9712484B-53BC-FD88-86E4-964D7D42C843}.Debug|Any CPU.ActiveCfg = Debug|Any CPU
		{9712484B-53BC-FD88-86E4-964D7D42C843}.Debug|Any CPU.Build.0 = Debug|Any CPU
		{9712484B-53BC-FD88-86E4-964D7D42C843}.Release|Any CPU.ActiveCfg = Release|Any CPU
		{9712484B-53BC-FD88-86E4-964D7D42C843}.Release|Any CPU.Build.0 = Release|Any CPU
		{78EFFB11-FD43-4D06-B115-22D0FEC3C399}.Debug|Any CPU.ActiveCfg = Debug|Any CPU
		{78EFFB11-FD43-4D06-B115-22D0FEC3C399}.Debug|Any CPU.Build.0 = Debug|Any CPU
		{78EFFB11-FD43-4D06-B115-22D0FEC3C399}.Release|Any CPU.ActiveCfg = Release|Any CPU
		{78EFFB11-FD43-4D06-B115-22D0FEC3C399}.Release|Any CPU.Build.0 = Release|Any CPU
		{0C1584AD-F3FA-541C-9D2C-37D8399006C2}.Debug|Any CPU.ActiveCfg = Debug|Any CPU
		{0C1584AD-F3FA-541C-9D2C-37D8399006C2}.Debug|Any CPU.Build.0 = Debug|Any CPU
		{0C1584AD-F3FA-541C-9D2C-37D8399006C2}.Release|Any CPU.ActiveCfg = Release|Any CPU
		{0C1584AD-F3FA-541C-9D2C-37D8399006C2}.Release|Any CPU.Build.0 = Release|Any CPU
		{23841136-485A-0E3B-8DF5-5DC33CD0051A}.Debug|Any CPU.ActiveCfg = Debug|Any CPU
		{23841136-485A-0E3B-8DF5-5DC33CD0051A}.Debug|Any CPU.Build.0 = Debug|Any CPU
		{23841136-485A-0E3B-8DF5-5DC33CD0051A}.Release|Any CPU.ActiveCfg = Release|Any CPU
		{23841136-485A-0E3B-8DF5-5DC33CD0051A}.Release|Any CPU.Build.0 = Release|Any CPU
		{241D75D0-1E96-41E2-B8DA-D4FFF37A8FB8}.Debug|Any CPU.ActiveCfg = Debug|Any CPU
		{241D75D0-1E96-41E2-B8DA-D4FFF37A8FB8}.Debug|Any CPU.Build.0 = Debug|Any CPU
		{241D75D0-1E96-41E2-B8DA-D4FFF37A8FB8}.Release|Any CPU.ActiveCfg = Release|Any CPU
		{241D75D0-1E96-41E2-B8DA-D4FFF37A8FB8}.Release|Any CPU.Build.0 = Release|Any CPU
		{EBF3E2AB-0525-45A1-82DF-AB8022756322}.Debug|Any CPU.ActiveCfg = Debug|Any CPU
		{EBF3E2AB-0525-45A1-82DF-AB8022756322}.Debug|Any CPU.Build.0 = Debug|Any CPU
		{EBF3E2AB-0525-45A1-82DF-AB8022756322}.Release|Any CPU.ActiveCfg = Release|Any CPU
		{EBF3E2AB-0525-45A1-82DF-AB8022756322}.Release|Any CPU.Build.0 = Release|Any CPU
		{274B9E48-636D-2608-B6FF-4CD21BB8478E}.Debug|Any CPU.ActiveCfg = Debug|Any CPU
		{274B9E48-636D-2608-B6FF-4CD21BB8478E}.Debug|Any CPU.Build.0 = Debug|Any CPU
		{274B9E48-636D-2608-B6FF-4CD21BB8478E}.Release|Any CPU.ActiveCfg = Release|Any CPU
		{274B9E48-636D-2608-B6FF-4CD21BB8478E}.Release|Any CPU.Build.0 = Release|Any CPU
		{228CEE92-217E-4B98-87D6-86B71391F39D}.Debug|Any CPU.ActiveCfg = Debug|Any CPU
		{228CEE92-217E-4B98-87D6-86B71391F39D}.Debug|Any CPU.Build.0 = Debug|Any CPU
		{228CEE92-217E-4B98-87D6-86B71391F39D}.Release|Any CPU.ActiveCfg = Release|Any CPU
		{228CEE92-217E-4B98-87D6-86B71391F39D}.Release|Any CPU.Build.0 = Release|Any CPU
		{C5086D4A-10F5-7B6A-DF41-A450F200B88F}.Debug|Any CPU.ActiveCfg = Debug|Any CPU
		{C5086D4A-10F5-7B6A-DF41-A450F200B88F}.Debug|Any CPU.Build.0 = Debug|Any CPU
		{C5086D4A-10F5-7B6A-DF41-A450F200B88F}.Release|Any CPU.ActiveCfg = Release|Any CPU
		{C5086D4A-10F5-7B6A-DF41-A450F200B88F}.Release|Any CPU.Build.0 = Release|Any CPU
		{DFF188C4-41D1-40CE-91C9-627E382A04C6}.Debug|Any CPU.ActiveCfg = Debug|Any CPU
		{DFF188C4-41D1-40CE-91C9-627E382A04C6}.Debug|Any CPU.Build.0 = Debug|Any CPU
		{DFF188C4-41D1-40CE-91C9-627E382A04C6}.Release|Any CPU.ActiveCfg = Release|Any CPU
		{DFF188C4-41D1-40CE-91C9-627E382A04C6}.Release|Any CPU.Build.0 = Release|Any CPU
		{2F3C2343-D2D2-4ADE-988B-B083217FB8D3}.Debug|Any CPU.ActiveCfg = Debug|Any CPU
		{2F3C2343-D2D2-4ADE-988B-B083217FB8D3}.Debug|Any CPU.Build.0 = Debug|Any CPU
		{2F3C2343-D2D2-4ADE-988B-B083217FB8D3}.Release|Any CPU.ActiveCfg = Release|Any CPU
		{2F3C2343-D2D2-4ADE-988B-B083217FB8D3}.Release|Any CPU.Build.0 = Release|Any CPU
		{6B8837B8-DB3D-4E94-A283-5E198AD36051}.Debug|Any CPU.ActiveCfg = Debug|Any CPU
		{6B8837B8-DB3D-4E94-A283-5E198AD36051}.Debug|Any CPU.Build.0 = Debug|Any CPU
		{6B8837B8-DB3D-4E94-A283-5E198AD36051}.Release|Any CPU.ActiveCfg = Release|Any CPU
		{6B8837B8-DB3D-4E94-A283-5E198AD36051}.Release|Any CPU.Build.0 = Release|Any CPU
		{26AC2169-239E-4761-910A-7FF9308B21F7}.Debug|Any CPU.ActiveCfg = Debug|Any CPU
		{26AC2169-239E-4761-910A-7FF9308B21F7}.Debug|Any CPU.Build.0 = Debug|Any CPU
		{26AC2169-239E-4761-910A-7FF9308B21F7}.Release|Any CPU.ActiveCfg = Release|Any CPU
		{26AC2169-239E-4761-910A-7FF9308B21F7}.Release|Any CPU.Build.0 = Release|Any CPU
	EndGlobalSection
	GlobalSection(SolutionProperties) = preSolution
		HideSolutionNode = FALSE
	EndGlobalSection
	GlobalSection(ExtensibilityGlobals) = postSolution
		SolutionGuid = {343331A5-6DD4-4302-9981-5CC4C234773E}
	EndGlobalSection
EndGlobal
